<?xml version="1.0" encoding="utf-8"?>
<Project ToolsVersion="4.0" xmlns="http://schemas.microsoft.com/developer/msbuild/2003">
  <ItemGroup>
    <Filter Include="Source Files">
      <UniqueIdentifier>{4FC737F1-C7A5-4376-A066-2A32D752A2FF}</UniqueIdentifier>
      <Extensions>cpp;c;cc;cxx;c++;cppm;ixx;def;odl;idl;hpj;bat;asm;asmx</Extensions>
    </Filter>
    <Filter Include="Header Files">
      <UniqueIdentifier>{93995380-89BD-4b04-88EB-625FBE52EBFB}</UniqueIdentifier>
      <Extensions>h;hh;hpp;hxx;h++;hm;inl;inc;ipp;xsd</Extensions>
    </Filter>
    <Filter Include="Resource Files">
      <UniqueIdentifier>{67DA6AB6-F800-4c08-8B7A-83BB121AAD01}</UniqueIdentifier>
      <Extensions>rc;ico;cur;bmp;dlg;rc2;rct;bin;rgs;gif;jpg;jpeg;jpe;resx;tiff;tif;png;wav;mfcribbon-ms</Extensions>
    </Filter>
    <Filter Include="Source Files\Components">
      <UniqueIdentifier>{b3bc22da-1e96-4e89-83e0-c959a64df7f7}</UniqueIdentifier>
    </Filter>
    <Filter Include="Header Files\Components">
      <UniqueIdentifier>{2e2def88-fa17-4f04-bc26-3f905b03fcd1}</UniqueIdentifier>
    </Filter>
    <Filter Include="Header Files\Systems">
      <UniqueIdentifier>{f6baefae-b7c2-44d5-b6e7-9a2f3fac481b}</UniqueIdentifier>
    </Filter>
    <Filter Include="Source Files\Systems">
      <UniqueIdentifier>{901df1df-141f-49c8-a191-d7eb27febcff}</UniqueIdentifier>
    </Filter>
    <Filter Include="Source Files\Level">
      <UniqueIdentifier>{212b92b2-48c4-4328-aa49-5a3f586a34d1}</UniqueIdentifier>
    </Filter>
    <Filter Include="Header Files\Level">
      <UniqueIdentifier>{6adbfd28-cbba-44a5-9df5-7522431901b5}</UniqueIdentifier>
    </Filter>
    <Filter Include="Header Files\Tilemap">
      <UniqueIdentifier>{fa72a897-2ac5-468c-8731-72758b70a3ff}</UniqueIdentifier>
    </Filter>
    <Filter Include="Source Files\Tilemap">
      <UniqueIdentifier>{9986371c-c2d5-4c54-b583-ce819d7949c6}</UniqueIdentifier>
    </Filter>
    <Filter Include="Header Files\Scripts">
      <UniqueIdentifier>{33377b24-103c-4542-a6d5-34233fe0fe3e}</UniqueIdentifier>
    </Filter>
    <Filter Include="Source Files\Scripts">
      <UniqueIdentifier>{1432fae4-7b1c-4b44-8c8f-5d2937a3e11d}</UniqueIdentifier>
    </Filter>
    <Filter Include="Header Files\Core">
      <UniqueIdentifier>{47754ac2-cea8-4a2f-933e-e0056b1b3322}</UniqueIdentifier>
    </Filter>
    <Filter Include="Source Files\Core">
      <UniqueIdentifier>{a4a5dc5f-a084-467d-a4c9-8904fdde4f11}</UniqueIdentifier>
    </Filter>
    <Filter Include="Header Files\AI">
      <UniqueIdentifier>{9b5a327d-6221-4705-83c3-54d8fe76329d}</UniqueIdentifier>
    </Filter>
    <Filter Include="Source Files\AI">
      <UniqueIdentifier>{454b972d-fd72-4535-89f6-f9bf27856afe}</UniqueIdentifier>
    </Filter>
    <Filter Include="Source Files\AI\BT">
      <UniqueIdentifier>{752695b2-118d-4716-b028-9a6327ed63d4}</UniqueIdentifier>
    </Filter>
    <Filter Include="Header Files\AI\BT">
      <UniqueIdentifier>{c7e5422f-dc48-43c7-847b-2af7c231a1ee}</UniqueIdentifier>
    </Filter>
  </ItemGroup>
  <ItemGroup>
    <ClCompile Include="Source.cpp">
      <Filter>Source Files</Filter>
    </ClCompile>
    <ClCompile Include="src\AI\BT\ActionNode.cpp">
      <Filter>Source Files</Filter>
    </ClCompile>
    <ClCompile Include="src\AI\BT\BehaviourTree.cpp">
      <Filter>Source Files</Filter>
    </ClCompile>
    <ClCompile Include="src\AI\BT\ConditionNode.cpp">
      <Filter>Source Files</Filter>
    </ClCompile>
    <ClCompile Include="src\AI\BT\MoveToPointNode.cpp">
      <Filter>Source Files</Filter>
    </ClCompile>
    <ClCompile Include="src\AI\BT\ParallelNode.cpp">
      <Filter>Source Files</Filter>
    </ClCompile>
    <ClCompile Include="src\AI\BT\SelectorNode.cpp">
      <Filter>Source Files</Filter>
    </ClCompile>
    <ClCompile Include="src\AI\BT\SequenceNode.cpp">
      <Filter>Source Files</Filter>
    </ClCompile>
    <ClCompile Include="src\AI\BT\WaitNode.cpp">
      <Filter>Source Files</Filter>
    </ClCompile>
    <ClCompile Include="src\AI\AgentAI.cpp">
      <Filter>Source Files</Filter>
    </ClCompile>
    <ClCompile Include="src\AI\AStar.cpp">
      <Filter>Source Files</Filter>
    </ClCompile>
    <ClCompile Include="src\AI\DebugAIAgentRenderer.cpp">
      <Filter>Source Files</Filter>
    </ClCompile>
    <ClCompile Include="src\AI\MapAI.cpp">
      <Filter>Source Files</Filter>
    </ClCompile>
    <ClCompile Include="src\AI\NodeAI.cpp">
      <Filter>Source Files</Filter>
    </ClCompile>
    <ClCompile Include="src\Components\BoxCollider.cpp">
      <Filter>Source Files</Filter>
    </ClCompile>
    <ClCompile Include="src\Components\DebugHighlighter.cpp">
      <Filter>Source Files</Filter>
    </ClCompile>
    <ClCompile Include="src\Components\RigidBody.cpp">
      <Filter>Source Files</Filter>
    </ClCompile>
    <ClCompile Include="src\Components\SpriteRenderer.cpp">
      <Filter>Source Files</Filter>
    </ClCompile>
    <ClCompile Include="src\Core\Debug.cpp">
      <Filter>Source Files</Filter>
    </ClCompile>
    <ClCompile Include="src\Core\Drawable.cpp">
      <Filter>Source Files</Filter>
    </ClCompile>
    <ClCompile Include="src\Core\Game.cpp">
      <Filter>Source Files</Filter>
    </ClCompile>
    <ClCompile Include="src\Core\GameObject.cpp">
      <Filter>Source Files</Filter>
    </ClCompile>
    <ClCompile Include="src\Core\GameWorld.cpp">
      <Filter>Source Files</Filter>
    </ClCompile>
    <ClCompile Include="src\Core\Plane.cpp">
      <Filter>Source Files</Filter>
    </ClCompile>
    <ClCompile Include="src\Core\Times.cpp">
      <Filter>Source Files</Filter>
    </ClCompile>
    <ClCompile Include="src\Levels\CollisionLevel.cpp">
      <Filter>Source Files</Filter>
    </ClCompile>
    <ClCompile Include="src\Levels\Level.cpp">
      <Filter>Source Files</Filter>
    </ClCompile>
    <ClCompile Include="src\Scripts\Enemy.cpp">
      <Filter>Source Files</Filter>
    </ClCompile>
    <ClCompile Include="src\Scripts\Player.cpp">
      <Filter>Source Files</Filter>
    </ClCompile>
    <ClCompile Include="src\Scripts\PlayerController.cpp">
      <Filter>Source Files</Filter>
    </ClCompile>
    <ClCompile Include="src\Systems\PhysicsSystem.cpp">
      <Filter>Source Files</Filter>
    </ClCompile>
    <ClCompile Include="src\Systems\RenderSystem.cpp">
      <Filter>Source Files</Filter>
    </ClCompile>
    <ClCompile Include="src\Tilemap\Tile.cpp">
      <Filter>Source Files</Filter>
    </ClCompile>
    <ClCompile Include="src\Tilemap\TileFactory.cpp">
      <Filter>Source Files</Filter>
    </ClCompile>
    <ClCompile Include="src\Tilemap\Tilemap.cpp">
      <Filter>Source Files</Filter>
    </ClCompile>
  </ItemGroup>
  <ItemGroup>
    <ClInclude Include="include\AI\BT\ActionNode.h">
      <Filter>Header Files</Filter>
    </ClInclude>
    <ClInclude Include="include\AI\BT\BehaviourTree.h">
      <Filter>Header Files</Filter>
    </ClInclude>
    <ClInclude Include="include\AI\BT\BlackBoard.h">
      <Filter>Header Files</Filter>
    </ClInclude>
    <ClInclude Include="include\AI\BT\ConditionNode.h">
      <Filter>Header Files</Filter>
    </ClInclude>
    <ClInclude Include="include\AI\BT\MoveToPointNode.h">
      <Filter>Header Files</Filter>
    </ClInclude>
    <ClInclude Include="include\AI\BT\NodeBT.h">
      <Filter>Header Files</Filter>
    </ClInclude>
    <ClInclude Include="include\AI\BT\ParallelNode.h">
      <Filter>Header Files</Filter>
    </ClInclude>
    <ClInclude Include="include\AI\BT\ScriptNode.h">
      <Filter>Header Files</Filter>
    </ClInclude>
    <ClInclude Include="include\AI\BT\SelectorNode.h">
      <Filter>Header Files</Filter>
    </ClInclude>
    <ClInclude Include="include\AI\BT\SequenceNode.h">
      <Filter>Header Files</Filter>
    </ClInclude>
    <ClInclude Include="include\AI\BT\WaitNode.h">
      <Filter>Header Files</Filter>
    </ClInclude>
    <ClInclude Include="include\AI\AgentAI.h">
      <Filter>Header Files</Filter>
    </ClInclude>
    <ClInclude Include="include\AI\AStar.h">
      <Filter>Header Files</Filter>
    </ClInclude>
    <ClInclude Include="include\AI\MapAI.h">
      <Filter>Header Files</Filter>
    </ClInclude>
    <ClInclude Include="include\AI\NodeAI.h">
      <Filter>Header Files</Filter>
    </ClInclude>
    <ClInclude Include="include\Components\BoxCollider.h">
      <Filter>Header Files</Filter>
    </ClInclude>
    <ClInclude Include="include\Components\Component.h">
      <Filter>Header Files</Filter>
    </ClInclude>
    <ClInclude Include="include\Components\DebugAIAgentRenderer.h">
      <Filter>Header Files</Filter>
    </ClInclude>
    <ClInclude Include="include\Components\DebugAIGridRenderer.h">
      <Filter>Header Files</Filter>
    </ClInclude>
    <ClInclude Include="include\Components\DebugHighlighter.h">
      <Filter>Header Files</Filter>
    </ClInclude>
    <ClInclude Include="include\Components\RigidBody.h">
      <Filter>Header Files</Filter>
    </ClInclude>
    <ClInclude Include="include\Components\SpriteRenderer.h">
      <Filter>Header Files</Filter>
    </ClInclude>
    <ClInclude Include="include\Core\Debug.h">
      <Filter>Header Files</Filter>
    </ClInclude>
    <ClInclude Include="include\Core\Drawable.h">
      <Filter>Header Files</Filter>
    </ClInclude>
    <ClInclude Include="include\Core\Game.h">
      <Filter>Header Files</Filter>
    </ClInclude>
    <ClInclude Include="include\Core\GameObject.h">
      <Filter>Header Files</Filter>
    </ClInclude>
    <ClInclude Include="include\Core\GameWorld.h">
      <Filter>Header Files</Filter>
    </ClInclude>
    <ClInclude Include="include\Core\Plane.h">
      <Filter>Header Files</Filter>
    </ClInclude>
    <ClInclude Include="include\Core\Times.h">
      <Filter>Header Files</Filter>
    </ClInclude>
    <ClInclude Include="include\Levels\CollisionLevel.h">
      <Filter>Header Files</Filter>
    </ClInclude>
    <ClInclude Include="include\Levels\Level.h">
      <Filter>Header Files</Filter>
    </ClInclude>
    <ClInclude Include="include\Scripts\Enemy.h">
      <Filter>Header Files</Filter>
    </ClInclude>
    <ClInclude Include="include\Scripts\Player.h">
      <Filter>Header Files</Filter>
    </ClInclude>
    <ClInclude Include="include\Scripts\PlayerController.h">
      <Filter>Header Files</Filter>
    </ClInclude>
    <ClInclude Include="include\Systems\PhysicsSystem.h">
      <Filter>Header Files</Filter>
    </ClInclude>
    <ClInclude Include="include\Systems\RenderSystem.h">
      <Filter>Header Files</Filter>
    </ClInclude>
    <ClInclude Include="include\Tilemap\Tile.h">
      <Filter>Header Files</Filter>
    </ClInclude>
    <ClInclude Include="include\Tilemap\TileData.h">
      <Filter>Header Files</Filter>
    </ClInclude>
    <ClInclude Include="include\Tilemap\TileFactory.h">
      <Filter>Header Files</Filter>
    </ClInclude>
    <ClInclude Include="include\Tilemap\Tilemap.h">
      <Filter>Header Files</Filter>
    </ClInclude>
  </ItemGroup>
  <ItemGroup>
    <None Include=".gitattributes" />
    <None Include=".gitignore" />
    <None Include="sfml-audio-3.dll" />
    <None Include="sfml-audio-d-3.dll" />
    <None Include="sfml-graphics-3.dll" />
    <None Include="sfml-graphics-d-3.dll" />
    <None Include="sfml-network-3.dll" />
    <None Include="sfml-network-d-3.dll" />
    <None Include="sfml-system-3.dll" />
    <None Include="sfml-system-d-3.dll" />
    <None Include="sfml-window-3.dll" />
    <None Include="sfml-window-d-3.dll" />
  </ItemGroup>
  <ItemGroup>
    <Image Include="Sprites\enemy.png">
      <Filter>Resource Files</Filter>
    </Image>
    <Image Include="Sprites\enemy128.png">
      <Filter>Resource Files</Filter>
    </Image>
    <Image Include="Sprites\player.jpg">
      <Filter>Resource Files</Filter>
    </Image>
    <Image Include="Sprites\player.png">
      <Filter>Resource Files</Filter>
    </Image>
    <Image Include="Sprites\tilemap.png">
      <Filter>Resource Files</Filter>
    </Image>
    <Image Include="Sprites\uv.png">
      <Filter>Resource Files</Filter>
    </Image>
    <Image Include="Sprites\uv128.png">
      <Filter>Resource Files</Filter>
    </Image>
  </ItemGroup>
</Project>